
Microsoft Visual Studio Solution File, Format Version 12.00
# Visual Studio 2012
Project("{FAE04EC0-301F-11D3-BF4B-00C04F79EFBC}") = "Yatzy", "Yatzy\Yatzy.csproj", "{72BB3920-C0A9-4870-976B-EDEC064CE183}"
EndProject
Global
	GlobalSection(SolutionConfigurationPlatforms) = preSolution
		Debug|Any CPU = Debug|Any CPU
		Release|Any CPU = Release|Any CPU
	EndGlobalSection
	GlobalSection(ProjectConfigurationPlatforms) = postSolution
		{72BB3920-C0A9-4870-976B-EDEC064CE183}.Debug|Any CPU.ActiveCfg = Debug|Any CPU
		{72BB3920-C0A9-4870-976B-EDEC064CE183}.Debug|Any CPU.Build.0 = Debug|Any CPU
		{72BB3920-C0A9-4870-976B-EDEC064CE183}.Release|Any CPU.ActiveCfg = Release|Any CPU
		{72BB3920-C0A9-4870-976B-EDEC064CE183}.Release|Any CPU.Build.0 = Release|Any CPU
	EndGlobalSection
	GlobalSection(SolutionProperties) = preSolution
		HideSolutionNode = FALSE
	EndGlobalSection
EndGlobal
